
Microsoft Visual Studio Solution File, Format Version 12.00
# Visual Studio 14
VisualStudioVersion = 14.0.25420.1
MinimumVisualStudioVersion = 10.0.40219.1
Project("{FAE04EC0-301F-11D3-BF4B-00C04F79EFBC}") = "FinalProjectReWritten", "FinalProjectReWritten\FinalProjectReWritten.csproj", "{4689D0EF-CAF0-4BF1-8298-BC5DF950600D}"
EndProject
Project("{FAE04EC0-301F-11D3-BF4B-00C04F79EFBC}") = "InclusionMetods", "InclusionMetods\InclusionMetods.csproj", "{BE0DAC75-6018-44EF-A026-78243BBB5EB8}"
EndProject
Project("{FAE04EC0-301F-11D3-BF4B-00C04F79EFBC}") = "DuplicatesFinderPlus", "DuplicatesFinderPlus\DuplicatesFinderPlus.csproj", "{BDF4F88B-8E73-45E5-A4C8-78922CBC340D}"
EndProject
Global
	GlobalSection(SolutionConfigurationPlatforms) = preSolution
		Debug|Any CPU = Debug|Any CPU
		Release|Any CPU = Release|Any CPU
	EndGlobalSection
	GlobalSection(ProjectConfigurationPlatforms) = postSolution
		{4689D0EF-CAF0-4BF1-8298-BC5DF950600D}.Debug|Any CPU.ActiveCfg = Debug|Any CPU
		{4689D0EF-CAF0-4BF1-8298-BC5DF950600D}.Debug|Any CPU.Build.0 = Debug|Any CPU
		{4689D0EF-CAF0-4BF1-8298-BC5DF950600D}.Release|Any CPU.ActiveCfg = Release|Any CPU
		{4689D0EF-CAF0-4BF1-8298-BC5DF950600D}.Release|Any CPU.Build.0 = Release|Any CPU
		{BE0DAC75-6018-44EF-A026-78243BBB5EB8}.Debug|Any CPU.ActiveCfg = Debug|Any CPU
		{BE0DAC75-6018-44EF-A026-78243BBB5EB8}.Debug|Any CPU.Build.0 = Debug|Any CPU
		{BE0DAC75-6018-44EF-A026-78243BBB5EB8}.Release|Any CPU.ActiveCfg = Release|Any CPU
		{BE0DAC75-6018-44EF-A026-78243BBB5EB8}.Release|Any CPU.Build.0 = Release|Any CPU
		{BDF4F88B-8E73-45E5-A4C8-78922CBC340D}.Debug|Any CPU.ActiveCfg = Debug|Any CPU
		{BDF4F88B-8E73-45E5-A4C8-78922CBC340D}.Debug|Any CPU.Build.0 = Debug|Any CPU
		{BDF4F88B-8E73-45E5-A4C8-78922CBC340D}.Release|Any CPU.ActiveCfg = Release|Any CPU
		{BDF4F88B-8E73-45E5-A4C8-78922CBC340D}.Release|Any CPU.Build.0 = Release|Any CPU
	EndGlobalSection
	GlobalSection(SolutionProperties) = preSolution
		HideSolutionNode = FALSE
	EndGlobalSection
EndGlobal
